{
  "object": {
    "pins": [
      {
        "package": "Ashen",
        "repositoryURL": "https://github.com/colinta/Ashen.git",
        "state": {
          "branch": "master",
          "revision": "be38720b094004241583a518c0f85bf5f764c0ee",
          "version": null
        }
      },
      {
        "package": "swift-argument-parser",
        "repositoryURL": "https://github.com/apple/swift-argument-parser",
        "state": {
          "branch": "master",
          "revision": "1081d08b1d716e6a68a9cbc258bb309359fbae1e",
          "version": null
        }
      },
      {
        "package": "Termbox",
        "repositoryURL": "https://github.com/colinta/Termbox.git",
        "state": {
          "branch": "master",
          "revision": "441efc357f3328cc45043b5d17097afd58982094",
          "version": null
        }
      }
    ]
  },
  "version": 1
}
