{
  "object": {
    "pins": [
      {
        "package": "Ashen",
        "repositoryURL": "https://github.com/colinta/Ashen.git",
        "state": {
          "branch": "master",
          "revision": "b5e236e8b5ba86e816c86fab384d8bd4c9a9d0e8",
          "version": null
        }
      },
      {
        "package": "swift-argument-parser",
        "repositoryURL": "https://github.com/apple/swift-argument-parser",
        "state": {
          "branch": "master",
          "revision": "e77b025008731be24d7f46e575def4027ab3a07e",
          "version": null
        }
      },
      {
        "package": "Termbox",
        "repositoryURL": "https://github.com/colinta/Termbox.git",
        "state": {
          "branch": "master",
          "revision": "441efc357f3328cc45043b5d17097afd58982094",
          "version": null
        }
      }
    ]
  },
  "version": 1
}
