{
  "object": {
    "pins": [
      {
        "package": "Ashen",
        "repositoryURL": "https://github.com/colinta/Ashen.git",
        "state": {
          "branch": "efd81c6",
          "revision": "efd81c69fe1a2a53a44c1c8ba8f44b83e5bb3d17",
          "version": null
        }
      },
      {
        "package": "swift-argument-parser",
        "repositoryURL": "https://github.com/apple/swift-argument-parser",
        "state": {
          "branch": "master",
          "revision": "be80c40cecb77be804933754adcd6a8bdf1aa969",
          "version": null
        }
      },
      {
        "package": "Termbox",
        "repositoryURL": "https://github.com/colinta/Termbox.git",
        "state": {
          "branch": "master",
          "revision": "441efc357f3328cc45043b5d17097afd58982094",
          "version": null
        }
      }
    ]
  },
  "version": 1
}
